
Microsoft Visual Studio Solution File, Format Version 12.00
# Visual Studio Version 17
VisualStudioVersion = 17.6.33815.320
MinimumVisualStudioVersion = 10.0.40219.1
Project("{9A19103F-16F7-4668-BE54-9A1E7A4F7556}") = "GTR_ASSIIGNMENT", "GTR_ASSIIGNMENT.csproj", "{94F27E17-89FA-4FAF-9F17-9D378E26D65D}"
EndProject
Global
	GlobalSection(SolutionConfigurationPlatforms) = preSolution
		Debug|Any CPU = Debug|Any CPU
		Release|Any CPU = Release|Any CPU
	EndGlobalSection
	GlobalSection(ProjectConfigurationPlatforms) = postSolution
		{94F27E17-89FA-4FAF-9F17-9D378E26D65D}.Debug|Any CPU.ActiveCfg = Debug|Any CPU
		{94F27E17-89FA-4FAF-9F17-9D378E26D65D}.Debug|Any CPU.Build.0 = Debug|Any CPU
		{94F27E17-89FA-4FAF-9F17-9D378E26D65D}.Release|Any CPU.ActiveCfg = Release|Any CPU
		{94F27E17-89FA-4FAF-9F17-9D378E26D65D}.Release|Any CPU.Build.0 = Release|Any CPU
	EndGlobalSection
	GlobalSection(SolutionProperties) = preSolution
		HideSolutionNode = FALSE
	EndGlobalSection
	GlobalSection(ExtensibilityGlobals) = postSolution
		SolutionGuid = {C14CC5ED-A703-456A-9EF4-7BA7604AC3AF}
	EndGlobalSection
EndGlobal
